
Microsoft Visual Studio Solution File, Format Version 12.00
# Visual Studio 14
VisualStudioVersion = 14.0.25420.1
MinimumVisualStudioVersion = 10.0.40219.1
Project("{FAE04EC0-301F-11D3-BF4B-00C04F79EFBC}") = "DutchQuest", "DutchQuest\DutchQuest\DutchQuest.csproj", "{0925824A-B3B8-4840-9B57-D112938A1FB1}"
EndProject
Project("{FAE04EC0-301F-11D3-BF4B-00C04F79EFBC}") = "DutchQuest.Droid", "DutchQuest\DutchQuest.Droid\DutchQuest.Droid.csproj", "{7EFEF2E2-008A-4582-B933-750C97B307F4}"
EndProject
Project("{FAE04EC0-301F-11D3-BF4B-00C04F79EFBC}") = "DutchQuest.iOS", "DutchQuest\DutchQuest.iOS\DutchQuest.iOS.csproj", "{73EC8F9C-D9B5-4974-A7E9-62310D1E470F}"
EndProject
Project("{FAE04EC0-301F-11D3-BF4B-00C04F79EFBC}") = "DutchQuest.WinPhone", "DutchQuest\DutchQuest.WinPhone\DutchQuest.WinPhone.csproj", "{359EEC61-3FD6-4CEA-9E21-AA74A1E1AA0D}"
EndProject
Project("{FAE04EC0-301F-11D3-BF4B-00C04F79EFBC}") = "DutchQuest.UWP", "DutchQuest\DutchQuest.UWP\DutchQuest.UWP.csproj", "{FE206741-8384-4D8D-B55A-ED1DA30F7D5B}"
EndProject
Project("{FAE04EC0-301F-11D3-BF4B-00C04F79EFBC}") = "DutchQuest.Windows", "DutchQuest\DutchQuest.Windows\DutchQuest.Windows.csproj", "{715C892F-D190-4064-BF3C-042BC81A156B}"
EndProject
Global
	GlobalSection(SolutionConfigurationPlatforms) = preSolution
		Ad-Hoc|Any CPU = Ad-Hoc|Any CPU
		Ad-Hoc|ARM = Ad-Hoc|ARM
		Ad-Hoc|iPhone = Ad-Hoc|iPhone
		Ad-Hoc|iPhoneSimulator = Ad-Hoc|iPhoneSimulator
		Ad-Hoc|x64 = Ad-Hoc|x64
		Ad-Hoc|x86 = Ad-Hoc|x86
		AppStore|Any CPU = AppStore|Any CPU
		AppStore|ARM = AppStore|ARM
		AppStore|iPhone = AppStore|iPhone
		AppStore|iPhoneSimulator = AppStore|iPhoneSimulator
		AppStore|x64 = AppStore|x64
		AppStore|x86 = AppStore|x86
		Debug|Any CPU = Debug|Any CPU
		Debug|ARM = Debug|ARM
		Debug|iPhone = Debug|iPhone
		Debug|iPhoneSimulator = Debug|iPhoneSimulator
		Debug|x64 = Debug|x64
		Debug|x86 = Debug|x86
		Release|Any CPU = Release|Any CPU
		Release|ARM = Release|ARM
		Release|iPhone = Release|iPhone
		Release|iPhoneSimulator = Release|iPhoneSimulator
		Release|x64 = Release|x64
		Release|x86 = Release|x86
	EndGlobalSection
	GlobalSection(ProjectConfigurationPlatforms) = postSolution
		{0925824A-B3B8-4840-9B57-D112938A1FB1}.Ad-Hoc|Any CPU.ActiveCfg = Release|Any CPU
		{0925824A-B3B8-4840-9B57-D112938A1FB1}.Ad-Hoc|Any CPU.Build.0 = Release|Any CPU
		{0925824A-B3B8-4840-9B57-D112938A1FB1}.Ad-Hoc|ARM.ActiveCfg = Release|Any CPU
		{0925824A-B3B8-4840-9B57-D112938A1FB1}.Ad-Hoc|ARM.Build.0 = Release|Any CPU
		{0925824A-B3B8-4840-9B57-D112938A1FB1}.Ad-Hoc|iPhone.ActiveCfg = Release|Any CPU
		{0925824A-B3B8-4840-9B57-D112938A1FB1}.Ad-Hoc|iPhone.Build.0 = Release|Any CPU
		{0925824A-B3B8-4840-9B57-D112938A1FB1}.Ad-Hoc|iPhoneSimulator.ActiveCfg = Release|Any CPU
		{0925824A-B3B8-4840-9B57-D112938A1FB1}.Ad-Hoc|iPhoneSimulator.Build.0 = Release|Any CPU
		{0925824A-B3B8-4840-9B57-D112938A1FB1}.Ad-Hoc|x64.ActiveCfg = Release|Any CPU
		{0925824A-B3B8-4840-9B57-D112938A1FB1}.Ad-Hoc|x64.Build.0 = Release|Any CPU
		{0925824A-B3B8-4840-9B57-D112938A1FB1}.Ad-Hoc|x86.ActiveCfg = Release|Any CPU
		{0925824A-B3B8-4840-9B57-D112938A1FB1}.Ad-Hoc|x86.Build.0 = Release|Any CPU
		{0925824A-B3B8-4840-9B57-D112938A1FB1}.AppStore|Any CPU.ActiveCfg = Release|Any CPU
		{0925824A-B3B8-4840-9B57-D112938A1FB1}.AppStore|Any CPU.Build.0 = Release|Any CPU
		{0925824A-B3B8-4840-9B57-D112938A1FB1}.AppStore|ARM.ActiveCfg = Release|Any CPU
		{0925824A-B3B8-4840-9B57-D112938A1FB1}.AppStore|ARM.Build.0 = Release|Any CPU
		{0925824A-B3B8-4840-9B57-D112938A1FB1}.AppStore|iPhone.ActiveCfg = Release|Any CPU
		{0925824A-B3B8-4840-9B57-D112938A1FB1}.AppStore|iPhone.Build.0 = Release|Any CPU
		{0925824A-B3B8-4840-9B57-D112938A1FB1}.AppStore|iPhoneSimulator.ActiveCfg = Release|Any CPU
		{0925824A-B3B8-4840-9B57-D112938A1FB1}.AppStore|iPhoneSimulator.Build.0 = Release|Any CPU
		{0925824A-B3B8-4840-9B57-D112938A1FB1}.AppStore|x64.ActiveCfg = Release|Any CPU
		{0925824A-B3B8-4840-9B57-D112938A1FB1}.AppStore|x64.Build.0 = Release|Any CPU
		{0925824A-B3B8-4840-9B57-D112938A1FB1}.AppStore|x86.ActiveCfg = Release|Any CPU
		{0925824A-B3B8-4840-9B57-D112938A1FB1}.AppStore|x86.Build.0 = Release|Any CPU
		{0925824A-B3B8-4840-9B57-D112938A1FB1}.Debug|Any CPU.ActiveCfg = Debug|Any CPU
		{0925824A-B3B8-4840-9B57-D112938A1FB1}.Debug|Any CPU.Build.0 = Debug|Any CPU
		{0925824A-B3B8-4840-9B57-D112938A1FB1}.Debug|ARM.ActiveCfg = Debug|Any CPU
		{0925824A-B3B8-4840-9B57-D112938A1FB1}.Debug|ARM.Build.0 = Debug|Any CPU
		{0925824A-B3B8-4840-9B57-D112938A1FB1}.Debug|iPhone.ActiveCfg = Debug|Any CPU
		{0925824A-B3B8-4840-9B57-D112938A1FB1}.Debug|iPhone.Build.0 = Debug|Any CPU
		{0925824A-B3B8-4840-9B57-D112938A1FB1}.Debug|iPhoneSimulator.ActiveCfg = Debug|Any CPU
		{0925824A-B3B8-4840-9B57-D112938A1FB1}.Debug|iPhoneSimulator.Build.0 = Debug|Any CPU
		{0925824A-B3B8-4840-9B57-D112938A1FB1}.Debug|x64.ActiveCfg = Debug|Any CPU
		{0925824A-B3B8-4840-9B57-D112938A1FB1}.Debug|x64.Build.0 = Debug|Any CPU
		{0925824A-B3B8-4840-9B57-D112938A1FB1}.Debug|x86.ActiveCfg = Debug|Any CPU
		{0925824A-B3B8-4840-9B57-D112938A1FB1}.Debug|x86.Build.0 = Debug|Any CPU
		{0925824A-B3B8-4840-9B57-D112938A1FB1}.Release|Any CPU.ActiveCfg = Release|Any CPU
		{0925824A-B3B8-4840-9B57-D112938A1FB1}.Release|Any CPU.Build.0 = Release|Any CPU
		{0925824A-B3B8-4840-9B57-D112938A1FB1}.Release|ARM.ActiveCfg = Release|Any CPU
		{0925824A-B3B8-4840-9B57-D112938A1FB1}.Release|ARM.Build.0 = Release|Any CPU
		{0925824A-B3B8-4840-9B57-D112938A1FB1}.Release|iPhone.ActiveCfg = Release|Any CPU
		{0925824A-B3B8-4840-9B57-D112938A1FB1}.Release|iPhone.Build.0 = Release|Any CPU
		{0925824A-B3B8-4840-9B57-D112938A1FB1}.Release|iPhoneSimulator.ActiveCfg = Release|Any CPU
		{0925824A-B3B8-4840-9B57-D112938A1FB1}.Release|iPhoneSimulator.Build.0 = Release|Any CPU
		{0925824A-B3B8-4840-9B57-D112938A1FB1}.Release|x64.ActiveCfg = Release|Any CPU
		{0925824A-B3B8-4840-9B57-D112938A1FB1}.Release|x64.Build.0 = Release|Any CPU
		{0925824A-B3B8-4840-9B57-D112938A1FB1}.Release|x86.ActiveCfg = Release|Any CPU
		{0925824A-B3B8-4840-9B57-D112938A1FB1}.Release|x86.Build.0 = Release|Any CPU
		{7EFEF2E2-008A-4582-B933-750C97B307F4}.Ad-Hoc|Any CPU.ActiveCfg = Release|Any CPU
		{7EFEF2E2-008A-4582-B933-750C97B307F4}.Ad-Hoc|Any CPU.Build.0 = Release|Any CPU
		{7EFEF2E2-008A-4582-B933-750C97B307F4}.Ad-Hoc|Any CPU.Deploy.0 = Release|Any CPU
		{7EFEF2E2-008A-4582-B933-750C97B307F4}.Ad-Hoc|ARM.ActiveCfg = Release|Any CPU
		{7EFEF2E2-008A-4582-B933-750C97B307F4}.Ad-Hoc|ARM.Build.0 = Release|Any CPU
		{7EFEF2E2-008A-4582-B933-750C97B307F4}.Ad-Hoc|ARM.Deploy.0 = Release|Any CPU
		{7EFEF2E2-008A-4582-B933-750C97B307F4}.Ad-Hoc|iPhone.ActiveCfg = Release|Any CPU
		{7EFEF2E2-008A-4582-B933-750C97B307F4}.Ad-Hoc|iPhone.Build.0 = Release|Any CPU
		{7EFEF2E2-008A-4582-B933-750C97B307F4}.Ad-Hoc|iPhone.Deploy.0 = Release|Any CPU
		{7EFEF2E2-008A-4582-B933-750C97B307F4}.Ad-Hoc|iPhoneSimulator.ActiveCfg = Release|Any CPU
		{7EFEF2E2-008A-4582-B933-750C97B307F4}.Ad-Hoc|iPhoneSimulator.Build.0 = Release|Any CPU
		{7EFEF2E2-008A-4582-B933-750C97B307F4}.Ad-Hoc|iPhoneSimulator.Deploy.0 = Release|Any CPU
		{7EFEF2E2-008A-4582-B933-750C97B307F4}.Ad-Hoc|x64.ActiveCfg = Release|Any CPU
		{7EFEF2E2-008A-4582-B933-750C97B307F4}.Ad-Hoc|x64.Build.0 = Release|Any CPU
		{7EFEF2E2-008A-4582-B933-750C97B307F4}.Ad-Hoc|x64.Deploy.0 = Release|Any CPU
		{7EFEF2E2-008A-4582-B933-750C97B307F4}.Ad-Hoc|x86.ActiveCfg = Release|Any CPU
		{7EFEF2E2-008A-4582-B933-750C97B307F4}.Ad-Hoc|x86.Build.0 = Release|Any CPU
		{7EFEF2E2-008A-4582-B933-750C97B307F4}.Ad-Hoc|x86.Deploy.0 = Release|Any CPU
		{7EFEF2E2-008A-4582-B933-750C97B307F4}.AppStore|Any CPU.ActiveCfg = Release|Any CPU
		{7EFEF2E2-008A-4582-B933-750C97B307F4}.AppStore|Any CPU.Build.0 = Release|Any CPU
		{7EFEF2E2-008A-4582-B933-750C97B307F4}.AppStore|Any CPU.Deploy.0 = Release|Any CPU
		{7EFEF2E2-008A-4582-B933-750C97B307F4}.AppStore|ARM.ActiveCfg = Release|Any CPU
		{7EFEF2E2-008A-4582-B933-750C97B307F4}.AppStore|ARM.Build.0 = Release|Any CPU
		{7EFEF2E2-008A-4582-B933-750C97B307F4}.AppStore|ARM.Deploy.0 = Release|Any CPU
		{7EFEF2E2-008A-4582-B933-750C97B307F4}.AppStore|iPhone.ActiveCfg = Release|Any CPU
		{7EFEF2E2-008A-4582-B933-750C97B307F4}.AppStore|iPhone.Build.0 = Release|Any CPU
		{7EFEF2E2-008A-4582-B933-750C97B307F4}.AppStore|iPhone.Deploy.0 = Release|Any CPU
		{7EFEF2E2-008A-4582-B933-750C97B307F4}.AppStore|iPhoneSimulator.ActiveCfg = Release|Any CPU
		{7EFEF2E2-008A-4582-B933-750C97B307F4}.AppStore|iPhoneSimulator.Build.0 = Release|Any CPU
		{7EFEF2E2-008A-4582-B933-750C97B307F4}.AppStore|iPhoneSimulator.Deploy.0 = Release|Any CPU
		{7EFEF2E2-008A-4582-B933-750C97B307F4}.AppStore|x64.ActiveCfg = Release|Any CPU
		{7EFEF2E2-008A-4582-B933-750C97B307F4}.AppStore|x64.Build.0 = Release|Any CPU
		{7EFEF2E2-008A-4582-B933-750C97B307F4}.AppStore|x64.Deploy.0 = Release|Any CPU
		{7EFEF2E2-008A-4582-B933-750C97B307F4}.AppStore|x86.ActiveCfg = Release|Any CPU
		{7EFEF2E2-008A-4582-B933-750C97B307F4}.AppStore|x86.Build.0 = Release|Any CPU
		{7EFEF2E2-008A-4582-B933-750C97B307F4}.AppStore|x86.Deploy.0 = Release|Any CPU
		{7EFEF2E2-008A-4582-B933-750C97B307F4}.Debug|Any CPU.ActiveCfg = Debug|Any CPU
		{7EFEF2E2-008A-4582-B933-750C97B307F4}.Debug|Any CPU.Build.0 = Debug|Any CPU
		{7EFEF2E2-008A-4582-B933-750C97B307F4}.Debug|Any CPU.Deploy.0 = Debug|Any CPU
		{7EFEF2E2-008A-4582-B933-750C97B307F4}.Debug|ARM.ActiveCfg = Debug|Any CPU
		{7EFEF2E2-008A-4582-B933-750C97B307F4}.Debug|ARM.Build.0 = Debug|Any CPU
		{7EFEF2E2-008A-4582-B933-750C97B307F4}.Debug|ARM.Deploy.0 = Debug|Any CPU
		{7EFEF2E2-008A-4582-B933-750C97B307F4}.Debug|iPhone.ActiveCfg = Debug|Any CPU
		{7EFEF2E2-008A-4582-B933-750C97B307F4}.Debug|iPhone.Build.0 = Debug|Any CPU
		{7EFEF2E2-008A-4582-B933-750C97B307F4}.Debug|iPhone.Deploy.0 = Debug|Any CPU
		{7EFEF2E2-008A-4582-B933-750C97B307F4}.Debug|iPhoneSimulator.ActiveCfg = Debug|Any CPU
		{7EFEF2E2-008A-4582-B933-750C97B307F4}.Debug|iPhoneSimulator.Build.0 = Debug|Any CPU
		{7EFEF2E2-008A-4582-B933-750C97B307F4}.Debug|iPhoneSimulator.Deploy.0 = Debug|Any CPU
		{7EFEF2E2-008A-4582-B933-750C97B307F4}.Debug|x64.ActiveCfg = Debug|Any CPU
		{7EFEF2E2-008A-4582-B933-750C97B307F4}.Debug|x64.Build.0 = Debug|Any CPU
		{7EFEF2E2-008A-4582-B933-750C97B307F4}.Debug|x64.Deploy.0 = Debug|Any CPU
		{7EFEF2E2-008A-4582-B933-750C97B307F4}.Debug|x86.ActiveCfg = Debug|Any CPU
		{7EFEF2E2-008A-4582-B933-750C97B307F4}.Debug|x86.Build.0 = Debug|Any CPU
		{7EFEF2E2-008A-4582-B933-750C97B307F4}.Debug|x86.Deploy.0 = Debug|Any CPU
		{7EFEF2E2-008A-4582-B933-750C97B307F4}.Release|Any CPU.ActiveCfg = Release|Any CPU
		{7EFEF2E2-008A-4582-B933-750C97B307F4}.Release|Any CPU.Build.0 = Release|Any CPU
		{7EFEF2E2-008A-4582-B933-750C97B307F4}.Release|Any CPU.Deploy.0 = Release|Any CPU
		{7EFEF2E2-008A-4582-B933-750C97B307F4}.Release|ARM.ActiveCfg = Release|Any CPU
		{7EFEF2E2-008A-4582-B933-750C97B307F4}.Release|ARM.Build.0 = Release|Any CPU
		{7EFEF2E2-008A-4582-B933-750C97B307F4}.Release|ARM.Deploy.0 = Release|Any CPU
		{7EFEF2E2-008A-4582-B933-750C97B307F4}.Release|iPhone.ActiveCfg = Release|Any CPU
		{7EFEF2E2-008A-4582-B933-750C97B307F4}.Release|iPhone.Build.0 = Release|Any CPU
		{7EFEF2E2-008A-4582-B933-750C97B307F4}.Release|iPhone.Deploy.0 = Release|Any CPU
		{7EFEF2E2-008A-4582-B933-750C97B307F4}.Release|iPhoneSimulator.ActiveCfg = Release|Any CPU
		{7EFEF2E2-008A-4582-B933-750C97B307F4}.Release|iPhoneSimulator.Build.0 = Release|Any CPU
		{7EFEF2E2-008A-4582-B933-750C97B307F4}.Release|iPhoneSimulator.Deploy.0 = Release|Any CPU
		{7EFEF2E2-008A-4582-B933-750C97B307F4}.Release|x64.ActiveCfg = Release|Any CPU
		{7EFEF2E2-008A-4582-B933-750C97B307F4}.Release|x64.Build.0 = Release|Any CPU
		{7EFEF2E2-008A-4582-B933-750C97B307F4}.Release|x64.Deploy.0 = Release|Any CPU
		{7EFEF2E2-008A-4582-B933-750C97B307F4}.Release|x86.ActiveCfg = Release|Any CPU
		{7EFEF2E2-008A-4582-B933-750C97B307F4}.Release|x86.Build.0 = Release|Any CPU
		{7EFEF2E2-008A-4582-B933-750C97B307F4}.Release|x86.Deploy.0 = Release|Any CPU
		{73EC8F9C-D9B5-4974-A7E9-62310D1E470F}.Ad-Hoc|Any CPU.ActiveCfg = Ad-Hoc|iPhone
		{73EC8F9C-D9B5-4974-A7E9-62310D1E470F}.Ad-Hoc|ARM.ActiveCfg = Ad-Hoc|iPhone
		{73EC8F9C-D9B5-4974-A7E9-62310D1E470F}.Ad-Hoc|iPhone.ActiveCfg = Ad-Hoc|iPhone
		{73EC8F9C-D9B5-4974-A7E9-62310D1E470F}.Ad-Hoc|iPhone.Build.0 = Ad-Hoc|iPhone
		{73EC8F9C-D9B5-4974-A7E9-62310D1E470F}.Ad-Hoc|iPhoneSimulator.ActiveCfg = Ad-Hoc|iPhoneSimulator
		{73EC8F9C-D9B5-4974-A7E9-62310D1E470F}.Ad-Hoc|iPhoneSimulator.Build.0 = Ad-Hoc|iPhoneSimulator
		{73EC8F9C-D9B5-4974-A7E9-62310D1E470F}.Ad-Hoc|x64.ActiveCfg = Ad-Hoc|iPhone
		{73EC8F9C-D9B5-4974-A7E9-62310D1E470F}.Ad-Hoc|x86.ActiveCfg = Ad-Hoc|iPhone
		{73EC8F9C-D9B5-4974-A7E9-62310D1E470F}.AppStore|Any CPU.ActiveCfg = AppStore|iPhone
		{73EC8F9C-D9B5-4974-A7E9-62310D1E470F}.AppStore|ARM.ActiveCfg = AppStore|iPhone
		{73EC8F9C-D9B5-4974-A7E9-62310D1E470F}.AppStore|iPhone.ActiveCfg = AppStore|iPhone
		{73EC8F9C-D9B5-4974-A7E9-62310D1E470F}.AppStore|iPhone.Build.0 = AppStore|iPhone
		{73EC8F9C-D9B5-4974-A7E9-62310D1E470F}.AppStore|iPhoneSimulator.ActiveCfg = AppStore|iPhoneSimulator
		{73EC8F9C-D9B5-4974-A7E9-62310D1E470F}.AppStore|iPhoneSimulator.Build.0 = AppStore|iPhoneSimulator
		{73EC8F9C-D9B5-4974-A7E9-62310D1E470F}.AppStore|x64.ActiveCfg = AppStore|iPhone
		{73EC8F9C-D9B5-4974-A7E9-62310D1E470F}.AppStore|x86.ActiveCfg = AppStore|iPhone
		{73EC8F9C-D9B5-4974-A7E9-62310D1E470F}.Debug|Any CPU.ActiveCfg = Debug|iPhone
		{73EC8F9C-D9B5-4974-A7E9-62310D1E470F}.Debug|ARM.ActiveCfg = Debug|iPhone
		{73EC8F9C-D9B5-4974-A7E9-62310D1E470F}.Debug|iPhone.ActiveCfg = Debug|iPhone
		{73EC8F9C-D9B5-4974-A7E9-62310D1E470F}.Debug|iPhone.Build.0 = Debug|iPhone
		{73EC8F9C-D9B5-4974-A7E9-62310D1E470F}.Debug|iPhoneSimulator.ActiveCfg = Debug|iPhoneSimulator
		{73EC8F9C-D9B5-4974-A7E9-62310D1E470F}.Debug|iPhoneSimulator.Build.0 = Debug|iPhoneSimulator
		{73EC8F9C-D9B5-4974-A7E9-62310D1E470F}.Debug|x64.ActiveCfg = Debug|iPhone
		{73EC8F9C-D9B5-4974-A7E9-62310D1E470F}.Debug|x86.ActiveCfg = Debug|iPhone
		{73EC8F9C-D9B5-4974-A7E9-62310D1E470F}.Release|Any CPU.ActiveCfg = Release|iPhone
		{73EC8F9C-D9B5-4974-A7E9-62310D1E470F}.Release|ARM.ActiveCfg = Release|iPhone
		{73EC8F9C-D9B5-4974-A7E9-62310D1E470F}.Release|iPhone.ActiveCfg = Release|iPhone
		{73EC8F9C-D9B5-4974-A7E9-62310D1E470F}.Release|iPhone.Build.0 = Release|iPhone
		{73EC8F9C-D9B5-4974-A7E9-62310D1E470F}.Release|iPhoneSimulator.ActiveCfg = Release|iPhoneSimulator
		{73EC8F9C-D9B5-4974-A7E9-62310D1E470F}.Release|iPhoneSimulator.Build.0 = Release|iPhoneSimulator
		{73EC8F9C-D9B5-4974-A7E9-62310D1E470F}.Release|x64.ActiveCfg = Release|iPhone
		{73EC8F9C-D9B5-4974-A7E9-62310D1E470F}.Release|x86.ActiveCfg = Release|iPhone
		{359EEC61-3FD6-4CEA-9E21-AA74A1E1AA0D}.Ad-Hoc|Any CPU.ActiveCfg = Release|Any CPU
		{359EEC61-3FD6-4CEA-9E21-AA74A1E1AA0D}.Ad-Hoc|Any CPU.Build.0 = Release|Any CPU
		{359EEC61-3FD6-4CEA-9E21-AA74A1E1AA0D}.Ad-Hoc|Any CPU.Deploy.0 = Release|Any CPU
		{359EEC61-3FD6-4CEA-9E21-AA74A1E1AA0D}.Ad-Hoc|ARM.ActiveCfg = Release|ARM
		{359EEC61-3FD6-4CEA-9E21-AA74A1E1AA0D}.Ad-Hoc|ARM.Build.0 = Release|ARM
		{359EEC61-3FD6-4CEA-9E21-AA74A1E1AA0D}.Ad-Hoc|ARM.Deploy.0 = Release|ARM
		{359EEC61-3FD6-4CEA-9E21-AA74A1E1AA0D}.Ad-Hoc|iPhone.ActiveCfg = Release|Any CPU
		{359EEC61-3FD6-4CEA-9E21-AA74A1E1AA0D}.Ad-Hoc|iPhone.Build.0 = Release|Any CPU
		{359EEC61-3FD6-4CEA-9E21-AA74A1E1AA0D}.Ad-Hoc|iPhone.Deploy.0 = Release|Any CPU
		{359EEC61-3FD6-4CEA-9E21-AA74A1E1AA0D}.Ad-Hoc|iPhoneSimulator.ActiveCfg = Release|Any CPU
		{359EEC61-3FD6-4CEA-9E21-AA74A1E1AA0D}.Ad-Hoc|iPhoneSimulator.Build.0 = Release|Any CPU
		{359EEC61-3FD6-4CEA-9E21-AA74A1E1AA0D}.Ad-Hoc|iPhoneSimulator.Deploy.0 = Release|Any CPU
		{359EEC61-3FD6-4CEA-9E21-AA74A1E1AA0D}.Ad-Hoc|x64.ActiveCfg = Release|Any CPU
		{359EEC61-3FD6-4CEA-9E21-AA74A1E1AA0D}.Ad-Hoc|x64.Build.0 = Release|Any CPU
		{359EEC61-3FD6-4CEA-9E21-AA74A1E1AA0D}.Ad-Hoc|x64.Deploy.0 = Release|Any CPU
		{359EEC61-3FD6-4CEA-9E21-AA74A1E1AA0D}.Ad-Hoc|x86.ActiveCfg = Release|x86
		{359EEC61-3FD6-4CEA-9E21-AA74A1E1AA0D}.Ad-Hoc|x86.Build.0 = Release|x86
		{359EEC61-3FD6-4CEA-9E21-AA74A1E1AA0D}.Ad-Hoc|x86.Deploy.0 = Release|x86
		{359EEC61-3FD6-4CEA-9E21-AA74A1E1AA0D}.AppStore|Any CPU.ActiveCfg = Release|Any CPU
		{359EEC61-3FD6-4CEA-9E21-AA74A1E1AA0D}.AppStore|Any CPU.Build.0 = Release|Any CPU
		{359EEC61-3FD6-4CEA-9E21-AA74A1E1AA0D}.AppStore|Any CPU.Deploy.0 = Release|Any CPU
		{359EEC61-3FD6-4CEA-9E21-AA74A1E1AA0D}.AppStore|ARM.ActiveCfg = Release|ARM
		{359EEC61-3FD6-4CEA-9E21-AA74A1E1AA0D}.AppStore|ARM.Build.0 = Release|ARM
		{359EEC61-3FD6-4CEA-9E21-AA74A1E1AA0D}.AppStore|ARM.Deploy.0 = Release|ARM
		{359EEC61-3FD6-4CEA-9E21-AA74A1E1AA0D}.AppStore|iPhone.ActiveCfg = Release|Any CPU
		{359EEC61-3FD6-4CEA-9E21-AA74A1E1AA0D}.AppStore|iPhone.Build.0 = Release|Any CPU
		{359EEC61-3FD6-4CEA-9E21-AA74A1E1AA0D}.AppStore|iPhone.Deploy.0 = Release|Any CPU
		{359EEC61-3FD6-4CEA-9E21-AA74A1E1AA0D}.AppStore|iPhoneSimulator.ActiveCfg = Release|Any CPU
		{359EEC61-3FD6-4CEA-9E21-AA74A1E1AA0D}.AppStore|iPhoneSimulator.Build.0 = Release|Any CPU
		{359EEC61-3FD6-4CEA-9E21-AA74A1E1AA0D}.AppStore|iPhoneSimulator.Deploy.0 = Release|Any CPU
		{359EEC61-3FD6-4CEA-9E21-AA74A1E1AA0D}.AppStore|x64.ActiveCfg = Release|Any CPU
		{359EEC61-3FD6-4CEA-9E21-AA74A1E1AA0D}.AppStore|x64.Build.0 = Release|Any CPU
		{359EEC61-3FD6-4CEA-9E21-AA74A1E1AA0D}.AppStore|x64.Deploy.0 = Release|Any CPU
		{359EEC61-3FD6-4CEA-9E21-AA74A1E1AA0D}.AppStore|x86.ActiveCfg = Release|x86
		{359EEC61-3FD6-4CEA-9E21-AA74A1E1AA0D}.AppStore|x86.Build.0 = Release|x86
		{359EEC61-3FD6-4CEA-9E21-AA74A1E1AA0D}.AppStore|x86.Deploy.0 = Release|x86
		{359EEC61-3FD6-4CEA-9E21-AA74A1E1AA0D}.Debug|Any CPU.ActiveCfg = Debug|Any CPU
		{359EEC61-3FD6-4CEA-9E21-AA74A1E1AA0D}.Debug|Any CPU.Build.0 = Debug|Any CPU
		{359EEC61-3FD6-4CEA-9E21-AA74A1E1AA0D}.Debug|Any CPU.Deploy.0 = Debug|Any CPU
		{359EEC61-3FD6-4CEA-9E21-AA74A1E1AA0D}.Debug|ARM.ActiveCfg = Debug|ARM
		{359EEC61-3FD6-4CEA-9E21-AA74A1E1AA0D}.Debug|ARM.Build.0 = Debug|ARM
		{359EEC61-3FD6-4CEA-9E21-AA74A1E1AA0D}.Debug|ARM.Deploy.0 = Debug|ARM
		{359EEC61-3FD6-4CEA-9E21-AA74A1E1AA0D}.Debug|iPhone.ActiveCfg = Debug|Any CPU
		{359EEC61-3FD6-4CEA-9E21-AA74A1E1AA0D}.Debug|iPhone.Build.0 = Debug|Any CPU
		{359EEC61-3FD6-4CEA-9E21-AA74A1E1AA0D}.Debug|iPhone.Deploy.0 = Debug|Any CPU
		{359EEC61-3FD6-4CEA-9E21-AA74A1E1AA0D}.Debug|iPhoneSimulator.ActiveCfg = Debug|Any CPU
		{359EEC61-3FD6-4CEA-9E21-AA74A1E1AA0D}.Debug|iPhoneSimulator.Build.0 = Debug|Any CPU
		{359EEC61-3FD6-4CEA-9E21-AA74A1E1AA0D}.Debug|iPhoneSimulator.Deploy.0 = Debug|Any CPU
		{359EEC61-3FD6-4CEA-9E21-AA74A1E1AA0D}.Debug|x64.ActiveCfg = Debug|Any CPU
		{359EEC61-3FD6-4CEA-9E21-AA74A1E1AA0D}.Debug|x64.Build.0 = Debug|Any CPU
		{359EEC61-3FD6-4CEA-9E21-AA74A1E1AA0D}.Debug|x64.Deploy.0 = Debug|Any CPU
		{359EEC61-3FD6-4CEA-9E21-AA74A1E1AA0D}.Debug|x86.ActiveCfg = Debug|x86
		{359EEC61-3FD6-4CEA-9E21-AA74A1E1AA0D}.Debug|x86.Build.0 = Debug|x86
		{359EEC61-3FD6-4CEA-9E21-AA74A1E1AA0D}.Debug|x86.Deploy.0 = Debug|x86
		{359EEC61-3FD6-4CEA-9E21-AA74A1E1AA0D}.Release|Any CPU.ActiveCfg = Release|Any CPU
		{359EEC61-3FD6-4CEA-9E21-AA74A1E1AA0D}.Release|Any CPU.Build.0 = Release|Any CPU
		{359EEC61-3FD6-4CEA-9E21-AA74A1E1AA0D}.Release|Any CPU.Deploy.0 = Release|Any CPU
		{359EEC61-3FD6-4CEA-9E21-AA74A1E1AA0D}.Release|ARM.ActiveCfg = Release|ARM
		{359EEC61-3FD6-4CEA-9E21-AA74A1E1AA0D}.Release|ARM.Build.0 = Release|ARM
		{359EEC61-3FD6-4CEA-9E21-AA74A1E1AA0D}.Release|ARM.Deploy.0 = Release|ARM
		{359EEC61-3FD6-4CEA-9E21-AA74A1E1AA0D}.Release|iPhone.ActiveCfg = Release|Any CPU
		{359EEC61-3FD6-4CEA-9E21-AA74A1E1AA0D}.Release|iPhone.Build.0 = Release|Any CPU
		{359EEC61-3FD6-4CEA-9E21-AA74A1E1AA0D}.Release|iPhone.Deploy.0 = Release|Any CPU
		{359EEC61-3FD6-4CEA-9E21-AA74A1E1AA0D}.Release|iPhoneSimulator.ActiveCfg = Release|Any CPU
		{359EEC61-3FD6-4CEA-9E21-AA74A1E1AA0D}.Release|iPhoneSimulator.Build.0 = Release|Any CPU
		{359EEC61-3FD6-4CEA-9E21-AA74A1E1AA0D}.Release|iPhoneSimulator.Deploy.0 = Release|Any CPU
		{359EEC61-3FD6-4CEA-9E21-AA74A1E1AA0D}.Release|x64.ActiveCfg = Release|Any CPU
		{359EEC61-3FD6-4CEA-9E21-AA74A1E1AA0D}.Release|x64.Build.0 = Release|Any CPU
		{359EEC61-3FD6-4CEA-9E21-AA74A1E1AA0D}.Release|x64.Deploy.0 = Release|Any CPU
		{359EEC61-3FD6-4CEA-9E21-AA74A1E1AA0D}.Release|x86.ActiveCfg = Release|x86
		{359EEC61-3FD6-4CEA-9E21-AA74A1E1AA0D}.Release|x86.Build.0 = Release|x86
		{359EEC61-3FD6-4CEA-9E21-AA74A1E1AA0D}.Release|x86.Deploy.0 = Release|x86
		{FE206741-8384-4D8D-B55A-ED1DA30F7D5B}.Ad-Hoc|Any CPU.ActiveCfg = Release|x86
		{FE206741-8384-4D8D-B55A-ED1DA30F7D5B}.Ad-Hoc|Any CPU.Build.0 = Release|x86
		{FE206741-8384-4D8D-B55A-ED1DA30F7D5B}.Ad-Hoc|Any CPU.Deploy.0 = Release|x86
		{FE206741-8384-4D8D-B55A-ED1DA30F7D5B}.Ad-Hoc|ARM.ActiveCfg = Release|ARM
		{FE206741-8384-4D8D-B55A-ED1DA30F7D5B}.Ad-Hoc|ARM.Build.0 = Release|ARM
		{FE206741-8384-4D8D-B55A-ED1DA30F7D5B}.Ad-Hoc|ARM.Deploy.0 = Release|ARM
		{FE206741-8384-4D8D-B55A-ED1DA30F7D5B}.Ad-Hoc|iPhone.ActiveCfg = Release|x86
		{FE206741-8384-4D8D-B55A-ED1DA30F7D5B}.Ad-Hoc|iPhone.Build.0 = Release|x86
		{FE206741-8384-4D8D-B55A-ED1DA30F7D5B}.Ad-Hoc|iPhone.Deploy.0 = Release|x86
		{FE206741-8384-4D8D-B55A-ED1DA30F7D5B}.Ad-Hoc|iPhoneSimulator.ActiveCfg = Release|x86
		{FE206741-8384-4D8D-B55A-ED1DA30F7D5B}.Ad-Hoc|iPhoneSimulator.Build.0 = Release|x86
		{FE206741-8384-4D8D-B55A-ED1DA30F7D5B}.Ad-Hoc|iPhoneSimulator.Deploy.0 = Release|x86
		{FE206741-8384-4D8D-B55A-ED1DA30F7D5B}.Ad-Hoc|x64.ActiveCfg = Release|x64
		{FE206741-8384-4D8D-B55A-ED1DA30F7D5B}.Ad-Hoc|x64.Build.0 = Release|x64
		{FE206741-8384-4D8D-B55A-ED1DA30F7D5B}.Ad-Hoc|x64.Deploy.0 = Release|x64
		{FE206741-8384-4D8D-B55A-ED1DA30F7D5B}.Ad-Hoc|x86.ActiveCfg = Release|x86
		{FE206741-8384-4D8D-B55A-ED1DA30F7D5B}.Ad-Hoc|x86.Build.0 = Release|x86
		{FE206741-8384-4D8D-B55A-ED1DA30F7D5B}.Ad-Hoc|x86.Deploy.0 = Release|x86
		{FE206741-8384-4D8D-B55A-ED1DA30F7D5B}.AppStore|Any CPU.ActiveCfg = Release|x86
		{FE206741-8384-4D8D-B55A-ED1DA30F7D5B}.AppStore|Any CPU.Build.0 = Release|x86
		{FE206741-8384-4D8D-B55A-ED1DA30F7D5B}.AppStore|Any CPU.Deploy.0 = Release|x86
		{FE206741-8384-4D8D-B55A-ED1DA30F7D5B}.AppStore|ARM.ActiveCfg = Release|ARM
		{FE206741-8384-4D8D-B55A-ED1DA30F7D5B}.AppStore|ARM.Build.0 = Release|ARM
		{FE206741-8384-4D8D-B55A-ED1DA30F7D5B}.AppStore|ARM.Deploy.0 = Release|ARM
		{FE206741-8384-4D8D-B55A-ED1DA30F7D5B}.AppStore|iPhone.ActiveCfg = Release|x86
		{FE206741-8384-4D8D-B55A-ED1DA30F7D5B}.AppStore|iPhone.Build.0 = Release|x86
		{FE206741-8384-4D8D-B55A-ED1DA30F7D5B}.AppStore|iPhone.Deploy.0 = Release|x86
		{FE206741-8384-4D8D-B55A-ED1DA30F7D5B}.AppStore|iPhoneSimulator.ActiveCfg = Release|x86
		{FE206741-8384-4D8D-B55A-ED1DA30F7D5B}.AppStore|iPhoneSimulator.Build.0 = Release|x86
		{FE206741-8384-4D8D-B55A-ED1DA30F7D5B}.AppStore|iPhoneSimulator.Deploy.0 = Release|x86
		{FE206741-8384-4D8D-B55A-ED1DA30F7D5B}.AppStore|x64.ActiveCfg = Release|x64
		{FE206741-8384-4D8D-B55A-ED1DA30F7D5B}.AppStore|x64.Build.0 = Release|x64
		{FE206741-8384-4D8D-B55A-ED1DA30F7D5B}.AppStore|x64.Deploy.0 = Release|x64
		{FE206741-8384-4D8D-B55A-ED1DA30F7D5B}.AppStore|x86.ActiveCfg = Release|x86
		{FE206741-8384-4D8D-B55A-ED1DA30F7D5B}.AppStore|x86.Build.0 = Release|x86
		{FE206741-8384-4D8D-B55A-ED1DA30F7D5B}.AppStore|x86.Deploy.0 = Release|x86
		{FE206741-8384-4D8D-B55A-ED1DA30F7D5B}.Debug|Any CPU.ActiveCfg = Debug|x86
		{FE206741-8384-4D8D-B55A-ED1DA30F7D5B}.Debug|Any CPU.Build.0 = Debug|x86
		{FE206741-8384-4D8D-B55A-ED1DA30F7D5B}.Debug|Any CPU.Deploy.0 = Debug|x86
		{FE206741-8384-4D8D-B55A-ED1DA30F7D5B}.Debug|ARM.ActiveCfg = Debug|ARM
		{FE206741-8384-4D8D-B55A-ED1DA30F7D5B}.Debug|ARM.Build.0 = Debug|ARM
		{FE206741-8384-4D8D-B55A-ED1DA30F7D5B}.Debug|ARM.Deploy.0 = Debug|ARM
		{FE206741-8384-4D8D-B55A-ED1DA30F7D5B}.Debug|iPhone.ActiveCfg = Debug|x86
		{FE206741-8384-4D8D-B55A-ED1DA30F7D5B}.Debug|iPhoneSimulator.ActiveCfg = Debug|x86
		{FE206741-8384-4D8D-B55A-ED1DA30F7D5B}.Debug|x64.ActiveCfg = Debug|x64
		{FE206741-8384-4D8D-B55A-ED1DA30F7D5B}.Debug|x64.Build.0 = Debug|x64
		{FE206741-8384-4D8D-B55A-ED1DA30F7D5B}.Debug|x64.Deploy.0 = Debug|x64
		{FE206741-8384-4D8D-B55A-ED1DA30F7D5B}.Debug|x86.ActiveCfg = Debug|x86
		{FE206741-8384-4D8D-B55A-ED1DA30F7D5B}.Debug|x86.Build.0 = Debug|x86
		{FE206741-8384-4D8D-B55A-ED1DA30F7D5B}.Debug|x86.Deploy.0 = Debug|x86
		{FE206741-8384-4D8D-B55A-ED1DA30F7D5B}.Release|Any CPU.ActiveCfg = Release|x86
		{FE206741-8384-4D8D-B55A-ED1DA30F7D5B}.Release|ARM.ActiveCfg = Release|ARM
		{FE206741-8384-4D8D-B55A-ED1DA30F7D5B}.Release|ARM.Build.0 = Release|ARM
		{FE206741-8384-4D8D-B55A-ED1DA30F7D5B}.Release|ARM.Deploy.0 = Release|ARM
		{FE206741-8384-4D8D-B55A-ED1DA30F7D5B}.Release|iPhone.ActiveCfg = Release|x86
		{FE206741-8384-4D8D-B55A-ED1DA30F7D5B}.Release|iPhoneSimulator.ActiveCfg = Release|x86
		{FE206741-8384-4D8D-B55A-ED1DA30F7D5B}.Release|x64.ActiveCfg = Release|x64
		{FE206741-8384-4D8D-B55A-ED1DA30F7D5B}.Release|x64.Build.0 = Release|x64
		{FE206741-8384-4D8D-B55A-ED1DA30F7D5B}.Release|x64.Deploy.0 = Release|x64
		{FE206741-8384-4D8D-B55A-ED1DA30F7D5B}.Release|x86.ActiveCfg = Release|x86
		{FE206741-8384-4D8D-B55A-ED1DA30F7D5B}.Release|x86.Build.0 = Release|x86
		{FE206741-8384-4D8D-B55A-ED1DA30F7D5B}.Release|x86.Deploy.0 = Release|x86
		{715C892F-D190-4064-BF3C-042BC81A156B}.Ad-Hoc|Any CPU.ActiveCfg = Release|Any CPU
		{715C892F-D190-4064-BF3C-042BC81A156B}.Ad-Hoc|Any CPU.Build.0 = Release|Any CPU
		{715C892F-D190-4064-BF3C-042BC81A156B}.Ad-Hoc|Any CPU.Deploy.0 = Release|Any CPU
		{715C892F-D190-4064-BF3C-042BC81A156B}.Ad-Hoc|ARM.ActiveCfg = Release|ARM
		{715C892F-D190-4064-BF3C-042BC81A156B}.Ad-Hoc|ARM.Build.0 = Release|ARM
		{715C892F-D190-4064-BF3C-042BC81A156B}.Ad-Hoc|ARM.Deploy.0 = Release|ARM
		{715C892F-D190-4064-BF3C-042BC81A156B}.Ad-Hoc|iPhone.ActiveCfg = Release|Any CPU
		{715C892F-D190-4064-BF3C-042BC81A156B}.Ad-Hoc|iPhone.Build.0 = Release|Any CPU
		{715C892F-D190-4064-BF3C-042BC81A156B}.Ad-Hoc|iPhone.Deploy.0 = Release|Any CPU
		{715C892F-D190-4064-BF3C-042BC81A156B}.Ad-Hoc|iPhoneSimulator.ActiveCfg = Release|Any CPU
		{715C892F-D190-4064-BF3C-042BC81A156B}.Ad-Hoc|iPhoneSimulator.Build.0 = Release|Any CPU
		{715C892F-D190-4064-BF3C-042BC81A156B}.Ad-Hoc|iPhoneSimulator.Deploy.0 = Release|Any CPU
		{715C892F-D190-4064-BF3C-042BC81A156B}.Ad-Hoc|x64.ActiveCfg = Release|x64
		{715C892F-D190-4064-BF3C-042BC81A156B}.Ad-Hoc|x64.Build.0 = Release|x64
		{715C892F-D190-4064-BF3C-042BC81A156B}.Ad-Hoc|x64.Deploy.0 = Release|x64
		{715C892F-D190-4064-BF3C-042BC81A156B}.Ad-Hoc|x86.ActiveCfg = Release|x86
		{715C892F-D190-4064-BF3C-042BC81A156B}.Ad-Hoc|x86.Build.0 = Release|x86
		{715C892F-D190-4064-BF3C-042BC81A156B}.Ad-Hoc|x86.Deploy.0 = Release|x86
		{715C892F-D190-4064-BF3C-042BC81A156B}.AppStore|Any CPU.ActiveCfg = Release|Any CPU
		{715C892F-D190-4064-BF3C-042BC81A156B}.AppStore|Any CPU.Build.0 = Release|Any CPU
		{715C892F-D190-4064-BF3C-042BC81A156B}.AppStore|Any CPU.Deploy.0 = Release|Any CPU
		{715C892F-D190-4064-BF3C-042BC81A156B}.AppStore|ARM.ActiveCfg = Release|ARM
		{715C892F-D190-4064-BF3C-042BC81A156B}.AppStore|ARM.Build.0 = Release|ARM
		{715C892F-D190-4064-BF3C-042BC81A156B}.AppStore|ARM.Deploy.0 = Release|ARM
		{715C892F-D190-4064-BF3C-042BC81A156B}.AppStore|iPhone.ActiveCfg = Release|Any CPU
		{715C892F-D190-4064-BF3C-042BC81A156B}.AppStore|iPhone.Build.0 = Release|Any CPU
		{715C892F-D190-4064-BF3C-042BC81A156B}.AppStore|iPhone.Deploy.0 = Release|Any CPU
		{715C892F-D190-4064-BF3C-042BC81A156B}.AppStore|iPhoneSimulator.ActiveCfg = Release|Any CPU
		{715C892F-D190-4064-BF3C-042BC81A156B}.AppStore|iPhoneSimulator.Build.0 = Release|Any CPU
		{715C892F-D190-4064-BF3C-042BC81A156B}.AppStore|iPhoneSimulator.Deploy.0 = Release|Any CPU
		{715C892F-D190-4064-BF3C-042BC81A156B}.AppStore|x64.ActiveCfg = Release|x64
		{715C892F-D190-4064-BF3C-042BC81A156B}.AppStore|x64.Build.0 = Release|x64
		{715C892F-D190-4064-BF3C-042BC81A156B}.AppStore|x64.Deploy.0 = Release|x64
		{715C892F-D190-4064-BF3C-042BC81A156B}.AppStore|x86.ActiveCfg = Release|x86
		{715C892F-D190-4064-BF3C-042BC81A156B}.AppStore|x86.Build.0 = Release|x86
		{715C892F-D190-4064-BF3C-042BC81A156B}.AppStore|x86.Deploy.0 = Release|x86
		{715C892F-D190-4064-BF3C-042BC81A156B}.Debug|Any CPU.ActiveCfg = Debug|Any CPU
		{715C892F-D190-4064-BF3C-042BC81A156B}.Debug|Any CPU.Build.0 = Debug|Any CPU
		{715C892F-D190-4064-BF3C-042BC81A156B}.Debug|Any CPU.Deploy.0 = Debug|Any CPU
		{715C892F-D190-4064-BF3C-042BC81A156B}.Debug|ARM.ActiveCfg = Debug|ARM
		{715C892F-D190-4064-BF3C-042BC81A156B}.Debug|ARM.Build.0 = Debug|ARM
		{715C892F-D190-4064-BF3C-042BC81A156B}.Debug|ARM.Deploy.0 = Debug|ARM
		{715C892F-D190-4064-BF3C-042BC81A156B}.Debug|iPhone.ActiveCfg = Debug|Any CPU
		{715C892F-D190-4064-BF3C-042BC81A156B}.Debug|iPhone.Build.0 = Debug|Any CPU
		{715C892F-D190-4064-BF3C-042BC81A156B}.Debug|iPhone.Deploy.0 = Debug|Any CPU
		{715C892F-D190-4064-BF3C-042BC81A156B}.Debug|iPhoneSimulator.ActiveCfg = Debug|Any CPU
		{715C892F-D190-4064-BF3C-042BC81A156B}.Debug|iPhoneSimulator.Build.0 = Debug|Any CPU
		{715C892F-D190-4064-BF3C-042BC81A156B}.Debug|iPhoneSimulator.Deploy.0 = Debug|Any CPU
		{715C892F-D190-4064-BF3C-042BC81A156B}.Debug|x64.ActiveCfg = Debug|x64
		{715C892F-D190-4064-BF3C-042BC81A156B}.Debug|x64.Build.0 = Debug|x64
		{715C892F-D190-4064-BF3C-042BC81A156B}.Debug|x64.Deploy.0 = Debug|x64
		{715C892F-D190-4064-BF3C-042BC81A156B}.Debug|x86.ActiveCfg = Debug|x86
		{715C892F-D190-4064-BF3C-042BC81A156B}.Debug|x86.Build.0 = Debug|x86
		{715C892F-D190-4064-BF3C-042BC81A156B}.Debug|x86.Deploy.0 = Debug|x86
		{715C892F-D190-4064-BF3C-042BC81A156B}.Release|Any CPU.ActiveCfg = Release|Any CPU
		{715C892F-D190-4064-BF3C-042BC81A156B}.Release|Any CPU.Build.0 = Release|Any CPU
		{715C892F-D190-4064-BF3C-042BC81A156B}.Release|Any CPU.Deploy.0 = Release|Any CPU
		{715C892F-D190-4064-BF3C-042BC81A156B}.Release|ARM.ActiveCfg = Release|ARM
		{715C892F-D190-4064-BF3C-042BC81A156B}.Release|ARM.Build.0 = Release|ARM
		{715C892F-D190-4064-BF3C-042BC81A156B}.Release|ARM.Deploy.0 = Release|ARM
		{715C892F-D190-4064-BF3C-042BC81A156B}.Release|iPhone.ActiveCfg = Release|Any CPU
		{715C892F-D190-4064-BF3C-042BC81A156B}.Release|iPhone.Build.0 = Release|Any CPU
		{715C892F-D190-4064-BF3C-042BC81A156B}.Release|iPhone.Deploy.0 = Release|Any CPU
		{715C892F-D190-4064-BF3C-042BC81A156B}.Release|iPhoneSimulator.ActiveCfg = Release|Any CPU
		{715C892F-D190-4064-BF3C-042BC81A156B}.Release|iPhoneSimulator.Build.0 = Release|Any CPU
		{715C892F-D190-4064-BF3C-042BC81A156B}.Release|iPhoneSimulator.Deploy.0 = Release|Any CPU
		{715C892F-D190-4064-BF3C-042BC81A156B}.Release|x64.ActiveCfg = Release|x64
		{715C892F-D190-4064-BF3C-042BC81A156B}.Release|x64.Build.0 = Release|x64
		{715C892F-D190-4064-BF3C-042BC81A156B}.Release|x64.Deploy.0 = Release|x64
		{715C892F-D190-4064-BF3C-042BC81A156B}.Release|x86.ActiveCfg = Release|x86
		{715C892F-D190-4064-BF3C-042BC81A156B}.Release|x86.Build.0 = Release|x86
		{715C892F-D190-4064-BF3C-042BC81A156B}.Release|x86.Deploy.0 = Release|x86
	EndGlobalSection
	GlobalSection(SolutionProperties) = preSolution
		HideSolutionNode = FALSE
	EndGlobalSection
EndGlobal
